<?xml version="1.0" encoding="utf-8"?>
<Project ToolsVersion="4.0" xmlns="http://schemas.microsoft.com/developer/msbuild/2003">
  <ItemGroup>
    <Filter Include="Source Files">
      <UniqueIdentifier>{4FC737F1-C7A5-4376-A066-2A32D752A2FF}</UniqueIdentifier>
      <Extensions>cpp;c;cc;cxx;def;odl;idl;hpj;bat;asm;asmx</Extensions>
    </Filter>
    <Filter Include="Header Files">
      <UniqueIdentifier>{93995380-89BD-4b04-88EB-625FBE52EBFB}</UniqueIdentifier>
      <Extensions>h;hh;hpp;hxx;hm;inl;inc;ipp;xsd</Extensions>
    </Filter>
    <Filter Include="Resource Files">
      <UniqueIdentifier>{67DA6AB6-F800-4c08-8B7A-83BB121AAD01}</UniqueIdentifier>
      <Extensions>rc;ico;cur;bmp;dlg;rc2;rct;bin;rgs;gif;jpg;jpeg;jpe;resx;tiff;tif;png;wav;mfcribbon-ms</Extensions>
    </Filter>
  </ItemGroup>
  <ItemGroup>
    <ClInclude Include="pch.h">
      <Filter>Header Files</Filter>
    </ClInclude>
    <ClInclude Include="App.h">
      <Filter>Header Files</Filter>
    </ClInclude>
    <ClInclude Include="Window.h">
      <Filter>Header Files</Filter>
    </ClInclude>
    <ClInclude Include="IniParser.h">
      <Filter>Header Files</Filter>
    </ClInclude>
    <ClInclude Include="InputScanner.h">
      <Filter>Header Files</Filter>
    </ClInclude>
    <ClInclude Include="KeyBoardEvent.h">
      <Filter>Header Files</Filter>
    </ClInclude>
    <ClInclude Include="MouseClickEvent.h">
      <Filter>Header Files</Filter>
    </ClInclude>
    <ClInclude Include="IGameManager.h">
      <Filter>Header Files</Filter>
    </ClInclude>
    <ClInclude Include="GameManager.h">
      <Filter>Header Files</Filter>
    </ClInclude>
    <ClInclude Include="Renderer.h">
      <Filter>Header Files</Filter>
    </ClInclude>
    <ClInclude Include="Sprite.h">
      <Filter>Header Files</Filter>
    </ClInclude>
    <ClInclude Include="HUDButton.h">
      <Filter>Header Files</Filter>
    </ClInclude>
    <ClInclude Include="ScrollingManager.h">
      <Filter>Header Files</Filter>
    </ClInclude>
    <ClInclude Include="Text.h">
      <Filter>Header Files</Filter>
    </ClInclude>
    <ClInclude Include="Player.h">
      <Filter>Header Files</Filter>
    </ClInclude>
    <ClInclude Include="GameEntity.h">
      <Filter>Header Files</Filter>
    </ClInclude>
    <ClInclude Include="Meteor.h">
      <Filter>Header Files</Filter>
    </ClInclude>
    <ClInclude Include="HUDWindow.h">
      <Filter>Header Files</Filter>
    </ClInclude>
    <ClInclude Include="HUDManager.h">
      <Filter>Header Files</Filter>
    </ClInclude>
    <ClInclude Include="MeteorManager.h">
      <Filter>Header Files</Filter>
    </ClInclude>
    <ClInclude Include="MeteorConfig.h">
      <Filter>Header Files</Filter>
    </ClInclude>
    <ClInclude Include="PhysiqueManager.h">
      <Filter>Header Files</Filter>
    </ClInclude>
    <ClInclude Include="MappingController.h">
      <Filter>Header Files</Filter>
    </ClInclude>
    <ClInclude Include="QuadTree.h">
      <Filter>Header Files</Filter>
    </ClInclude>
    <ClInclude Include="SoundManager.h">
      <Filter>Header Files</Filter>
    </ClInclude>
    <ClInclude Include="SoundController.h">
      <Filter>Header Files</Filter>
    </ClInclude>
    <ClInclude Include="HUDController.h">
      <Filter>Header Files</Filter>
    </ClInclude>
    <ClInclude Include="Timer.h">
      <Filter>Header Files</Filter>
    </ClInclude>
    <ClInclude Include="HighScoreManager.h">
      <Filter>Header Files</Filter>
    </ClInclude>
    <ClInclude Include="EnterNameController.h">
      <Filter>Header Files</Filter>
    </ClInclude>
    <ClInclude Include="Bullet.h">
      <Filter>Header Files</Filter>
    </ClInclude>
    <ClInclude Include="PowerUP.h">
      <Filter>Header Files</Filter>
    </ClInclude>
    <ClInclude Include="HealPowerUP.h">
      <Filter>Header Files</Filter>
    </ClInclude>
    <ClInclude Include="PowerUPManager.h">
      <Filter>Header Files</Filter>
    </ClInclude>
    <ClInclude Include="ShieldPowerUP.h">
      <Filter>Header Files</Filter>
    </ClInclude>
    <ClInclude Include="MultiPowerUP.h">
      <Filter>Header Files</Filter>
    </ClInclude>
  </ItemGroup>
  <ItemGroup>
    <ClCompile Include="pch.cpp">
      <Filter>Source Files</Filter>
    </ClCompile>
    <ClCompile Include="App.cpp">
      <Filter>Source Files</Filter>
    </ClCompile>
    <ClCompile Include="Window.cpp">
      <Filter>Source Files</Filter>
    </ClCompile>
    <ClCompile Include="main.cpp">
      <Filter>Source Files</Filter>
    </ClCompile>
    <ClCompile Include="IniParser.cpp">
      <Filter>Source Files</Filter>
    </ClCompile>
    <ClCompile Include="InputScanner.cpp">
      <Filter>Source Files</Filter>
    </ClCompile>
    <ClCompile Include="KeyBoardEvent.cpp">
      <Filter>Source Files</Filter>
    </ClCompile>
    <ClCompile Include="MouseClickEvent.cpp">
      <Filter>Source Files</Filter>
    </ClCompile>
    <ClCompile Include="IGameManager.cpp">
      <Filter>Source Files</Filter>
    </ClCompile>
    <ClCompile Include="GameManager.cpp">
      <Filter>Source Files</Filter>
    </ClCompile>
    <ClCompile Include="Renderer.cpp">
      <Filter>Source Files</Filter>
    </ClCompile>
    <ClCompile Include="Sprite.cpp">
      <Filter>Source Files</Filter>
    </ClCompile>
    <ClCompile Include="HUDButton.cpp">
      <Filter>Source Files</Filter>
    </ClCompile>
    <ClCompile Include="ScrollingManager.cpp">
      <Filter>Source Files</Filter>
    </ClCompile>
    <ClCompile Include="Text.cpp">
      <Filter>Source Files</Filter>
    </ClCompile>
    <ClCompile Include="Player.cpp">
      <Filter>Source Files</Filter>
    </ClCompile>
    <ClCompile Include="GameEntity.cpp">
      <Filter>Source Files</Filter>
    </ClCompile>
    <ClCompile Include="Meteor.cpp">
      <Filter>Source Files</Filter>
    </ClCompile>
    <ClCompile Include="HUDWindow.cpp">
      <Filter>Source Files</Filter>
    </ClCompile>
    <ClCompile Include="HUDManager.cpp">
      <Filter>Source Files</Filter>
    </ClCompile>
    <ClCompile Include="MeteorManager.cpp">
      <Filter>Source Files</Filter>
    </ClCompile>
    <ClCompile Include="MeteorConfig.cpp">
      <Filter>Source Files</Filter>
    </ClCompile>
    <ClCompile Include="PhysiqueManager.cpp">
      <Filter>Source Files</Filter>
    </ClCompile>
    <ClCompile Include="MappingController.cpp">
      <Filter>Source Files</Filter>
    </ClCompile>
    <ClCompile Include="QuadTree.cpp">
      <Filter>Source Files</Filter>
    </ClCompile>
    <ClCompile Include="SoundManager.cpp">
      <Filter>Source Files</Filter>
    </ClCompile>
    <ClCompile Include="SoundController.cpp">
      <Filter>Source Files</Filter>
    </ClCompile>
    <ClCompile Include="HUDController.cpp">
      <Filter>Source Files</Filter>
    </ClCompile>
    <ClCompile Include="Timer.cpp">
      <Filter>Source Files</Filter>
    </ClCompile>
    <ClCompile Include="HighScoreManager.cpp">
      <Filter>Source Files</Filter>
    </ClCompile>
    <ClCompile Include="EnterNameController.cpp">
      <Filter>Source Files</Filter>
    </ClCompile>
    <ClCompile Include="Bullet.cpp">
      <Filter>Source Files</Filter>
    </ClCompile>
    <ClCompile Include="PowerUP.cpp">
      <Filter>Source Files</Filter>
    </ClCompile>
    <ClCompile Include="HealPowerUP.cpp">
      <Filter>Source Files</Filter>
    </ClCompile>
    <ClCompile Include="PowerUPManager.cpp">
      <Filter>Source Files</Filter>
    </ClCompile>
    <ClCompile Include="ShieldPowerUP.cpp">
      <Filter>Source Files</Filter>
    </ClCompile>
    <ClCompile Include="MultiPowerUP.cpp">
      <Filter>Source Files</Filter>
    </ClCompile>
  </ItemGroup>
</Project>